
Microsoft Visual Studio Solution File, Format Version 12.00
# Visual Studio Version 16
VisualStudioVersion = 16.0.30804.86
MinimumVisualStudioVersion = 10.0.40219.1
Project("{FAE04EC0-301F-11D3-BF4B-00C04F79EFBC}") = "HexImgConvertTool", "HexImgConvertTool\HexImgConvertTool.csproj", "{68F888B0-5F4F-434E-B50F-248F7292A4C4}"
EndProject
Global
	GlobalSection(SolutionConfigurationPlatforms) = preSolution
		Debug|Any CPU = Debug|Any CPU
		Release|Any CPU = Release|Any CPU
	EndGlobalSection
	GlobalSection(ProjectConfigurationPlatforms) = postSolution
		{68F888B0-5F4F-434E-B50F-248F7292A4C4}.Debug|Any CPU.ActiveCfg = Debug|Any CPU
		{68F888B0-5F4F-434E-B50F-248F7292A4C4}.Debug|Any CPU.Build.0 = Debug|Any CPU
		{68F888B0-5F4F-434E-B50F-248F7292A4C4}.Release|Any CPU.ActiveCfg = Release|Any CPU
		{68F888B0-5F4F-434E-B50F-248F7292A4C4}.Release|Any CPU.Build.0 = Release|Any CPU
	EndGlobalSection
	GlobalSection(SolutionProperties) = preSolution
		HideSolutionNode = FALSE
	EndGlobalSection
	GlobalSection(ExtensibilityGlobals) = postSolution
		SolutionGuid = {4C026590-2D3B-4778-B471-CC19A4FE6BF9}
	EndGlobalSection
EndGlobal
